
Microsoft Visual Studio Solution File, Format Version 12.00
# Visual Studio Version 17
VisualStudioVersion = 17.10.35013.160
MinimumVisualStudioVersion = 10.0.40219.1
Project("{FAE04EC0-301F-11D3-BF4B-00C04F79EFBC}") = "Models", "Models\Models.csproj", "{FC6F7C5B-51B4-4CFA-8734-F39770322311}"
EndProject
Global
	GlobalSection(SolutionConfigurationPlatforms) = preSolution
		Debug|Any CPU = Debug|Any CPU
		Release|Any CPU = Release|Any CPU
	EndGlobalSection
	GlobalSection(ProjectConfigurationPlatforms) = postSolution
		{FC6F7C5B-51B4-4CFA-8734-F39770322311}.Debug|Any CPU.ActiveCfg = Debug|Any CPU
		{FC6F7C5B-51B4-4CFA-8734-F39770322311}.Debug|Any CPU.Build.0 = Debug|Any CPU
		{FC6F7C5B-51B4-4CFA-8734-F39770322311}.Release|Any CPU.ActiveCfg = Release|Any CPU
		{FC6F7C5B-51B4-4CFA-8734-F39770322311}.Release|Any CPU.Build.0 = Release|Any CPU
	EndGlobalSection
	GlobalSection(SolutionProperties) = preSolution
		HideSolutionNode = FALSE
	EndGlobalSection
	GlobalSection(ExtensibilityGlobals) = postSolution
		SolutionGuid = {0A1E94C5-686E-41C1-A0CF-112C46E4ED51}
	EndGlobalSection
EndGlobal
