
Microsoft Visual Studio Solution File, Format Version 12.00
# Visual Studio Version 17
VisualStudioVersion = 17.10.35013.160
MinimumVisualStudioVersion = 10.0.40219.1
Project("{9A19103F-16F7-4668-BE54-9A1E7A4F7556}") = "Models", "Models\Models.csproj", "{FC6F7C5B-51B4-4CFA-8734-F39770322311}"
EndProject
Project("{9A19103F-16F7-4668-BE54-9A1E7A4F7556}") = "Controllers", "Controllers\Controllers.csproj", "{68CB7992-E6DA-4B89-9E9E-E86DC7A014D3}"
EndProject
Project("{9A19103F-16F7-4668-BE54-9A1E7A4F7556}") = "Data", "Data\Data.csproj", "{4B8F021D-6C69-4087-A955-C5A99C04F897}"
EndProject
Project("{9A19103F-16F7-4668-BE54-9A1E7A4F7556}") = "BLL", "Services\BLL.csproj", "{C284ECFC-E4AE-4628-962F-15F19CFE5E0C}"
EndProject
Project("{9A19103F-16F7-4668-BE54-9A1E7A4F7556}") = "Helpers", "Helpers\Helpers.csproj", "{4043F752-AB84-4375-8624-377ED9F4FA66}"
EndProject
Project("{FAE04EC0-301F-11D3-BF4B-00C04F79EFBC}") = "Startup", "Startup\Startup.csproj", "{2936DC6D-7E91-4CD6-8BA1-F74FDF21661F}"
EndProject
Global
	GlobalSection(SolutionConfigurationPlatforms) = preSolution
		Debug|Any CPU = Debug|Any CPU
		Release|Any CPU = Release|Any CPU
	EndGlobalSection
	GlobalSection(ProjectConfigurationPlatforms) = postSolution
		{FC6F7C5B-51B4-4CFA-8734-F39770322311}.Debug|Any CPU.ActiveCfg = Debug|Any CPU
		{FC6F7C5B-51B4-4CFA-8734-F39770322311}.Debug|Any CPU.Build.0 = Debug|Any CPU
		{FC6F7C5B-51B4-4CFA-8734-F39770322311}.Release|Any CPU.ActiveCfg = Release|Any CPU
		{FC6F7C5B-51B4-4CFA-8734-F39770322311}.Release|Any CPU.Build.0 = Release|Any CPU
		{68CB7992-E6DA-4B89-9E9E-E86DC7A014D3}.Debug|Any CPU.ActiveCfg = Debug|Any CPU
		{68CB7992-E6DA-4B89-9E9E-E86DC7A014D3}.Debug|Any CPU.Build.0 = Debug|Any CPU
		{68CB7992-E6DA-4B89-9E9E-E86DC7A014D3}.Release|Any CPU.ActiveCfg = Release|Any CPU
		{68CB7992-E6DA-4B89-9E9E-E86DC7A014D3}.Release|Any CPU.Build.0 = Release|Any CPU
		{4B8F021D-6C69-4087-A955-C5A99C04F897}.Debug|Any CPU.ActiveCfg = Debug|Any CPU
		{4B8F021D-6C69-4087-A955-C5A99C04F897}.Debug|Any CPU.Build.0 = Debug|Any CPU
		{4B8F021D-6C69-4087-A955-C5A99C04F897}.Release|Any CPU.ActiveCfg = Release|Any CPU
		{4B8F021D-6C69-4087-A955-C5A99C04F897}.Release|Any CPU.Build.0 = Release|Any CPU
		{C284ECFC-E4AE-4628-962F-15F19CFE5E0C}.Debug|Any CPU.ActiveCfg = Debug|Any CPU
		{C284ECFC-E4AE-4628-962F-15F19CFE5E0C}.Debug|Any CPU.Build.0 = Debug|Any CPU
		{C284ECFC-E4AE-4628-962F-15F19CFE5E0C}.Release|Any CPU.ActiveCfg = Release|Any CPU
		{C284ECFC-E4AE-4628-962F-15F19CFE5E0C}.Release|Any CPU.Build.0 = Release|Any CPU
		{4043F752-AB84-4375-8624-377ED9F4FA66}.Debug|Any CPU.ActiveCfg = Debug|Any CPU
		{4043F752-AB84-4375-8624-377ED9F4FA66}.Debug|Any CPU.Build.0 = Debug|Any CPU
		{4043F752-AB84-4375-8624-377ED9F4FA66}.Release|Any CPU.ActiveCfg = Release|Any CPU
		{4043F752-AB84-4375-8624-377ED9F4FA66}.Release|Any CPU.Build.0 = Release|Any CPU
		{2936DC6D-7E91-4CD6-8BA1-F74FDF21661F}.Debug|Any CPU.ActiveCfg = Debug|Any CPU
		{2936DC6D-7E91-4CD6-8BA1-F74FDF21661F}.Debug|Any CPU.Build.0 = Debug|Any CPU
		{2936DC6D-7E91-4CD6-8BA1-F74FDF21661F}.Release|Any CPU.ActiveCfg = Release|Any CPU
		{2936DC6D-7E91-4CD6-8BA1-F74FDF21661F}.Release|Any CPU.Build.0 = Release|Any CPU
	EndGlobalSection
	GlobalSection(SolutionProperties) = preSolution
		HideSolutionNode = FALSE
	EndGlobalSection
	GlobalSection(ExtensibilityGlobals) = postSolution
		SolutionGuid = {0A1E94C5-686E-41C1-A0CF-112C46E4ED51}
	EndGlobalSection
EndGlobal
